%{
  "cldr_utils": {:hex, :cldr_utils, "2.24.2", "364fa30be55d328e704629568d431eb74cd2f085752b27f8025520b566352859", [:mix], [{:castore, "~> 0.1 or ~> 1.0", [hex: :castore, repo: "hexpm", optional: true]}, {:certifi, "~> 2.5", [hex: :certifi, repo: "hexpm", optional: true]}, {:decimal, "~> 1.9 or ~> 2.0", [hex: :decimal, repo: "hexpm", optional: false]}], "hexpm", "3362b838836a9f0fa309de09a7127e36e67310e797d556db92f71b548832c7cf"},
  "decimal": {:hex, :decimal, "2.1.1", "5611dca5d4b2c3dd497dec8f68751f1f1a54755e8ed2a966c2633cf885973ad6", [:mix], [], "hexpm", "53cfe5f497ed0e7771ae1a475575603d77425099ba5faef9394932b35020ffcc"},
  "ex_cldr": {:hex, :ex_cldr, "2.37.5", "9da6d97334035b961d2c2de167dc6af8cd3e09859301a5b8f49f90bd8b034593", [:mix], [{:cldr_utils, "~> 2.21", [hex: :cldr_utils, repo: "hexpm", optional: false]}, {:decimal, "~> 1.6 or ~> 2.0", [hex: :decimal, repo: "hexpm", optional: false]}, {:gettext, "~> 0.19", [hex: :gettext, repo: "hexpm", optional: true]}, {:jason, "~> 1.0", [hex: :jason, repo: "hexpm", optional: true]}, {:nimble_parsec, "~> 0.5 or ~> 1.0", [hex: :nimble_parsec, repo: "hexpm", optional: true]}], "hexpm", "74ad5ddff791112ce4156382e171a5f5d3766af9d5c4675e0571f081fe136479"},
  "ex_cldr_currencies": {:hex, :ex_cldr_currencies, "2.15.1", "e92ba17c41e7405b7784e0e65f406b5f17cfe313e0e70de9befd653e12854822", [:mix], [{:ex_cldr, "~> 2.34", [hex: :ex_cldr, repo: "hexpm", optional: false]}, {:jason, "~> 1.0", [hex: :jason, repo: "hexpm", optional: true]}], "hexpm", "31df8bd37688340f8819bdd770eb17d659652078d34db632b85d4a32864d6a25"},
  "jason": {:hex, :jason, "1.4.1", "af1504e35f629ddcdd6addb3513c3853991f694921b1b9368b0bd32beb9f1b63", [:mix], [{:decimal, "~> 1.0 or ~> 2.0", [hex: :decimal, repo: "hexpm", optional: true]}], "hexpm", "fbb01ecdfd565b56261302f7e1fcc27c4fb8f32d56eab74db621fc154604a7a1"},
}
